{
  "nodes": {
    "nixpkgs": {
      "locked": {
        "lastModified": 1715867414,
        "narHash": "sha256-cu4UEffKkBByyGR6CFs9XP6iSNsKTkq1r66DA5BkYnE=",
        "owner": "NixOS",
        "repo": "nixpkgs",
        "rev": "bf446f08bff6814b569265bef8374cfdd3d8f0e0",
        "type": "github"
      },
      "original": {
        "owner": "NixOS",
        "ref": "nixpkgs-unstable",
        "repo": "nixpkgs",
        "type": "github"
      }
    },
    "root": {
      "inputs": {
        "nixpkgs": "nixpkgs",
        "zmk-nix": "zmk-nix"
      }
    },
    "zmk-nix": {
      "inputs": {
        "nixpkgs": [
          "nixpkgs"
        ]
      },
      "locked": {
        "lastModified": 1715473835,
        "narHash": "sha256-W69SMfrx09cywz0a65r0jUH9uNP1GNC7zwYkf56lhWE=",
        "owner": "lilyinstarlight",
        "repo": "zmk-nix",
        "rev": "0fea6300d074532fe7bf4cbb3581e7df648e822c",
        "type": "github"
      },
      "original": {
        "owner": "lilyinstarlight",
        "repo": "zmk-nix",
        "type": "github"
      }
    }
  },
  "root": "root",
  "version": 7
}
